
Microsoft Visual Studio Solution File, Format Version 12.00
# Visual Studio Version 17
VisualStudioVersion = 17.7.34302.85
MinimumVisualStudioVersion = 10.0.40219.1
Project("{8BC9CEB8-8B4A-11D0-8D11-00A0C91BC942}") = "Christmas", "Christmas\Christmas.vcxproj", "{1565B89B-7695-4BC6-860D-7841A44EB237}"
EndProject
Global
	GlobalSection(SolutionConfigurationPlatforms) = preSolution
		Debug|x64 = Debug|x64
		Debug|x86 = Debug|x86
		Release|x64 = Release|x64
		Release|x86 = Release|x86
	EndGlobalSection
	GlobalSection(ProjectConfigurationPlatforms) = postSolution
		{1565B89B-7695-4BC6-860D-7841A44EB237}.Debug|x64.ActiveCfg = Debug|x64
		{1565B89B-7695-4BC6-860D-7841A44EB237}.Debug|x64.Build.0 = Debug|x64
		{1565B89B-7695-4BC6-860D-7841A44EB237}.Debug|x86.ActiveCfg = Debug|Win32
		{1565B89B-7695-4BC6-860D-7841A44EB237}.Debug|x86.Build.0 = Debug|Win32
		{1565B89B-7695-4BC6-860D-7841A44EB237}.Release|x64.ActiveCfg = Release|x64
		{1565B89B-7695-4BC6-860D-7841A44EB237}.Release|x64.Build.0 = Release|x64
		{1565B89B-7695-4BC6-860D-7841A44EB237}.Release|x86.ActiveCfg = Release|Win32
		{1565B89B-7695-4BC6-860D-7841A44EB237}.Release|x86.Build.0 = Release|Win32
	EndGlobalSection
	GlobalSection(SolutionProperties) = preSolution
		HideSolutionNode = FALSE
	EndGlobalSection
	GlobalSection(ExtensibilityGlobals) = postSolution
		SolutionGuid = {8569E336-68EB-4422-BA9E-794D3CC7F271}
	EndGlobalSection
EndGlobal
